
Microsoft Visual Studio Solution File, Format Version 12.00
# Visual Studio 15
VisualStudioVersion = 15.0.26430.13
MinimumVisualStudioVersion = 10.0.40219.1
Project("{FAE04EC0-301F-11D3-BF4B-00C04F79EFBC}") = "Client", "Client\Client.csproj", "{C807B100-6A18-4B76-957F-FA251514F896}"
EndProject
Project("{FAE04EC0-301F-11D3-BF4B-00C04F79EFBC}") = "Server", "Server\Server.csproj", "{2FCDAAC5-FB2A-4636-80CA-9D968147164C}"
EndProject
Global
	GlobalSection(SolutionConfigurationPlatforms) = preSolution
		Debug|Any CPU = Debug|Any CPU
		Release|Any CPU = Release|Any CPU
	EndGlobalSection
	GlobalSection(ProjectConfigurationPlatforms) = postSolution
		{C807B100-6A18-4B76-957F-FA251514F896}.Debug|Any CPU.ActiveCfg = Debug|Any CPU
		{C807B100-6A18-4B76-957F-FA251514F896}.Debug|Any CPU.Build.0 = Debug|Any CPU
		{C807B100-6A18-4B76-957F-FA251514F896}.Release|Any CPU.ActiveCfg = Release|Any CPU
		{C807B100-6A18-4B76-957F-FA251514F896}.Release|Any CPU.Build.0 = Release|Any CPU
		{2FCDAAC5-FB2A-4636-80CA-9D968147164C}.Debug|Any CPU.ActiveCfg = Debug|Any CPU
		{2FCDAAC5-FB2A-4636-80CA-9D968147164C}.Debug|Any CPU.Build.0 = Debug|Any CPU
		{2FCDAAC5-FB2A-4636-80CA-9D968147164C}.Release|Any CPU.ActiveCfg = Release|Any CPU
		{2FCDAAC5-FB2A-4636-80CA-9D968147164C}.Release|Any CPU.Build.0 = Release|Any CPU
	EndGlobalSection
	GlobalSection(SolutionProperties) = preSolution
		HideSolutionNode = FALSE
	EndGlobalSection
EndGlobal
